// !$*UTF8*$!
{
	archiveVersion = 1;
	classes = {
	};
	objectVersion = 50;
	objects = {

/* Begin PBXBuildFile section */
		9556CAC024CABEAA005A9E61 /* AppDelegate.swift in Sources */ = {isa = PBXBuildFile; fileRef = 9556CABF24CABEAA005A9E61 /* AppDelegate.swift */; };
		9556CAC224CABEAA005A9E61 /* SceneDelegate.swift in Sources */ = {isa = PBXBuildFile; fileRef = 9556CAC124CABEAA005A9E61 /* SceneDelegate.swift */; };
		9556CAC424CABEAA005A9E61 /* ViewController.swift in Sources */ = {isa = PBXBuildFile; fileRef = 9556CAC324CABEAA005A9E61 /* ViewController.swift */; };
		9556CAC724CABEAA005A9E61 /* Main.storyboard in Resources */ = {isa = PBXBuildFile; fileRef = 9556CAC524CABEAA005A9E61 /* Main.storyboard */; };
		9556CAC924CABEB8005A9E61 /* Assets.xcassets in Resources */ = {isa = PBXBuildFile; fileRef = 9556CAC824CABEB8005A9E61 /* Assets.xcassets */; };
		9556CACC24CABEB8005A9E61 /* LaunchScreen.storyboard in Resources */ = {isa = PBXBuildFile; fileRef = 9556CACA24CABEB8005A9E61 /* LaunchScreen.storyboard */; };
		9556CAD724CABEB8005A9E61 /* MapTests.swift in Sources */ = {isa = PBXBuildFile; fileRef = 9556CAD624CABEB8005A9E61 /* MapTests.swift */; };
		9556CAE224CABEB8005A9E61 /* MapUITests.swift in Sources */ = {isa = PBXBuildFile; fileRef = 9556CAE124CABEB8005A9E61 /* MapUITests.swift */; };
		95B7F94C24FC53F7008DE76B /* NSAttributedStringExtension.swift in Sources */ = {isa = PBXBuildFile; fileRef = 95B7F94B24FC53F7008DE76B /* NSAttributedStringExtension.swift */; };
		95DB79DD24DA240A00759781 /* DetailViewController.swift in Sources */ = {isa = PBXBuildFile; fileRef = 95DB79DC24DA240A00759781 /* DetailViewController.swift */; };
/* End PBXBuildFile section */

/* Begin PBXContainerItemProxy section */
		9556CAD324CABEB8005A9E61 /* PBXContainerItemProxy */ = {
			isa = PBXContainerItemProxy;
			containerPortal = 9556CAB424CABEAA005A9E61 /* Project object */;
			proxyType = 1;
			remoteGlobalIDString = 9556CABB24CABEAA005A9E61;
			remoteInfo = Map;
		};
		9556CADE24CABEB8005A9E61 /* PBXContainerItemProxy */ = {
			isa = PBXContainerItemProxy;
			containerPortal = 9556CAB424CABEAA005A9E61 /* Project object */;
			proxyType = 1;
			remoteGlobalIDString = 9556CABB24CABEAA005A9E61;
			remoteInfo = Map;
		};
/* End PBXContainerItemProxy section */

/* Begin PBXFileReference section */
		9556CABC24CABEAA005A9E61 /* CA Rocks.app */ = {isa = PBXFileReference; explicitFileType = wrapper.application; includeInIndex = 0; path = "CA Rocks.app"; sourceTree = BUILT_PRODUCTS_DIR; };
		9556CABF24CABEAA005A9E61 /* AppDelegate.swift */ = {isa = PBXFileReference; lastKnownFileType = sourcecode.swift; path = AppDelegate.swift; sourceTree = "<group>"; };
		9556CAC124CABEAA005A9E61 /* SceneDelegate.swift */ = {isa = PBXFileReference; lastKnownFileType = sourcecode.swift; path = SceneDelegate.swift; sourceTree = "<group>"; };
		9556CAC324CABEAA005A9E61 /* ViewController.swift */ = {isa = PBXFileReference; lastKnownFileType = sourcecode.swift; path = ViewController.swift; sourceTree = "<group>"; };
		9556CAC624CABEAA005A9E61 /* Base */ = {isa = PBXFileReference; lastKnownFileType = file.storyboard; name = Base; path = Base.lproj/Main.storyboard; sourceTree = "<group>"; };
		9556CAC824CABEB8005A9E61 /* Assets.xcassets */ = {isa = PBXFileReference; lastKnownFileType = folder.assetcatalog; path = Assets.xcassets; sourceTree = "<group>"; };
		9556CACB24CABEB8005A9E61 /* Base */ = {isa = PBXFileReference; lastKnownFileType = file.storyboard; name = Base; path = Base.lproj/LaunchScreen.storyboard; sourceTree = "<group>"; };
		9556CACD24CABEB8005A9E61 /* Info.plist */ = {isa = PBXFileReference; lastKnownFileType = text.plist.xml; path = Info.plist; sourceTree = "<group>"; };
		9556CAD224CABEB8005A9E61 /* CA RocksTests.xctest */ = {isa = PBXFileReference; explicitFileType = wrapper.cfbundle; includeInIndex = 0; path = "CA RocksTests.xctest"; sourceTree = BUILT_PRODUCTS_DIR; };
		9556CAD624CABEB8005A9E61 /* MapTests.swift */ = {isa = PBXFileReference; lastKnownFileType = sourcecode.swift; path = MapTests.swift; sourceTree = "<group>"; };
		9556CAD824CABEB8005A9E61 /* Info.plist */ = {isa = PBXFileReference; lastKnownFileType = text.plist.xml; path = Info.plist; sourceTree = "<group>"; };
		9556CADD24CABEB8005A9E61 /* CA RocksUITests.xctest */ = {isa = PBXFileReference; explicitFileType = wrapper.cfbundle; includeInIndex = 0; path = "CA RocksUITests.xctest"; sourceTree = BUILT_PRODUCTS_DIR; };
		9556CAE124CABEB8005A9E61 /* MapUITests.swift */ = {isa = PBXFileReference; lastKnownFileType = sourcecode.swift; path = MapUITests.swift; sourceTree = "<group>"; };
		9556CAE324CABEB8005A9E61 /* Info.plist */ = {isa = PBXFileReference; lastKnownFileType = text.plist.xml; path = Info.plist; sourceTree = "<group>"; };
		95B7F94B24FC53F7008DE76B /* NSAttributedStringExtension.swift */ = {isa = PBXFileReference; lastKnownFileType = sourcecode.swift; path = NSAttributedStringExtension.swift; sourceTree = "<group>"; };
		95DB79DC24DA240A00759781 /* DetailViewController.swift */ = {isa = PBXFileReference; lastKnownFileType = sourcecode.swift; path = DetailViewController.swift; sourceTree = "<group>"; };
/* End PBXFileReference section */

/* Begin PBXFrameworksBuildPhase section */
		9556CAB924CABEAA005A9E61 /* Frameworks */ = {
			isa = PBXFrameworksBuildPhase;
			buildActionMask = 2147483647;
			files = (
			);
			runOnlyForDeploymentPostprocessing = 0;
		};
		9556CACF24CABEB8005A9E61 /* Frameworks */ = {
			isa = PBXFrameworksBuildPhase;
			buildActionMask = 2147483647;
			files = (
			);
			runOnlyForDeploymentPostprocessing = 0;
		};
		9556CADA24CABEB8005A9E61 /* Frameworks */ = {
			isa = PBXFrameworksBuildPhase;
			buildActionMask = 2147483647;
			files = (
			);
			runOnlyForDeploymentPostprocessing = 0;
		};
/* End PBXFrameworksBuildPhase section */

/* Begin PBXGroup section */
		9556CAB324CABEAA005A9E61 = {
			isa = PBXGroup;
			children = (
				9556CABE24CABEAA005A9E61 /* Map */,
				9556CAD524CABEB8005A9E61 /* MapTests */,
				9556CAE024CABEB8005A9E61 /* MapUITests */,
				9556CABD24CABEAA005A9E61 /* Products */,
			);
			sourceTree = "<group>";
		};
		9556CABD24CABEAA005A9E61 /* Products */ = {
			isa = PBXGroup;
			children = (
				9556CABC24CABEAA005A9E61 /* CA Rocks.app */,
				9556CAD224CABEB8005A9E61 /* CA RocksTests.xctest */,
				9556CADD24CABEB8005A9E61 /* CA RocksUITests.xctest */,
			);
			name = Products;
			sourceTree = "<group>";
		};
		9556CABE24CABEAA005A9E61 /* Map */ = {
			isa = PBXGroup;
			children = (
				9556CABF24CABEAA005A9E61 /* AppDelegate.swift */,
				9556CAC124CABEAA005A9E61 /* SceneDelegate.swift */,
				9556CAC324CABEAA005A9E61 /* ViewController.swift */,
				95B7F94B24FC53F7008DE76B /* NSAttributedStringExtension.swift */,
				9556CAC524CABEAA005A9E61 /* Main.storyboard */,
				95DB79DC24DA240A00759781 /* DetailViewController.swift */,
				9556CAC824CABEB8005A9E61 /* Assets.xcassets */,
				9556CACA24CABEB8005A9E61 /* LaunchScreen.storyboard */,
				9556CACD24CABEB8005A9E61 /* Info.plist */,
			);
			path = Map;
			sourceTree = "<group>";
		};
		9556CAD524CABEB8005A9E61 /* MapTests */ = {
			isa = PBXGroup;
			children = (
				9556CAD624CABEB8005A9E61 /* MapTests.swift */,
				9556CAD824CABEB8005A9E61 /* Info.plist */,
			);
			path = MapTests;
			sourceTree = "<group>";
		};
		9556CAE024CABEB8005A9E61 /* MapUITests */ = {
			isa = PBXGroup;
			children = (
				9556CAE124CABEB8005A9E61 /* MapUITests.swift */,
				9556CAE324CABEB8005A9E61 /* Info.plist */,
			);
			path = MapUITests;
			sourceTree = "<group>";
		};
/* End PBXGroup section */

/* Begin PBXNativeTarget section */
		9556CABB24CABEAA005A9E61 /* CA Rocks */ = {
			isa = PBXNativeTarget;
			buildConfigurationList = 9556CAE624CABEB9005A9E61 /* Build configuration list for PBXNativeTarget "CA Rocks" */;
			buildPhases = (
				9556CAB824CABEAA005A9E61 /* Sources */,
				9556CAB924CABEAA005A9E61 /* Frameworks */,
				9556CABA24CABEAA005A9E61 /* Resources */,
			);
			buildRules = (
			);
			dependencies = (
			);
			name = "CA Rocks";
			productName = Map;
			productReference = 9556CABC24CABEAA005A9E61 /* CA Rocks.app */;
			productType = "com.apple.product-type.application";
		};
		9556CAD124CABEB8005A9E61 /* CA RocksTests */ = {
			isa = PBXNativeTarget;
			buildConfigurationList = 9556CAE924CABEB9005A9E61 /* Build configuration list for PBXNativeTarget "CA RocksTests" */;
			buildPhases = (
				9556CACE24CABEB8005A9E61 /* Sources */,
				9556CACF24CABEB8005A9E61 /* Frameworks */,
				9556CAD024CABEB8005A9E61 /* Resources */,
			);
			buildRules = (
			);
			dependencies = (
				9556CAD424CABEB8005A9E61 /* PBXTargetDependency */,
			);
			name = "CA RocksTests";
			productName = MapTests;
			productReference = 9556CAD224CABEB8005A9E61 /* CA RocksTests.xctest */;
			productType = "com.apple.product-type.bundle.unit-test";
		};
		9556CADC24CABEB8005A9E61 /* CA RocksUITests */ = {
			isa = PBXNativeTarget;
			buildConfigurationList = 9556CAEC24CABEB9005A9E61 /* Build configuration list for PBXNativeTarget "CA RocksUITests" */;
			buildPhases = (
				9556CAD924CABEB8005A9E61 /* Sources */,
				9556CADA24CABEB8005A9E61 /* Frameworks */,
				9556CADB24CABEB8005A9E61 /* Resources */,
			);
			buildRules = (
			);
			dependencies = (
				9556CADF24CABEB8005A9E61 /* PBXTargetDependency */,
			);
			name = "CA RocksUITests";
			productName = MapUITests;
			productReference = 9556CADD24CABEB8005A9E61 /* CA RocksUITests.xctest */;
			productType = "com.apple.product-type.bundle.ui-testing";
		};
/* End PBXNativeTarget section */

/* Begin PBXProject section */
		9556CAB424CABEAA005A9E61 /* Project object */ = {
			isa = PBXProject;
			attributes = {
				LastSwiftUpdateCheck = 1160;
				LastUpgradeCheck = 1200;
				ORGANIZATIONNAME = "Dennis Fang";
				TargetAttributes = {
					9556CABB24CABEAA005A9E61 = {
						CreatedOnToolsVersion = 11.6;
					};
					9556CAD124CABEB8005A9E61 = {
						CreatedOnToolsVersion = 11.6;
						TestTargetID = 9556CABB24CABEAA005A9E61;
					};
					9556CADC24CABEB8005A9E61 = {
						CreatedOnToolsVersion = 11.6;
						TestTargetID = 9556CABB24CABEAA005A9E61;
					};
				};
			};
			buildConfigurationList = 9556CAB724CABEAA005A9E61 /* Build configuration list for PBXProject "CA Rocks" */;
			compatibilityVersion = "Xcode 9.3";
			developmentRegion = en;
			hasScannedForEncodings = 0;
			knownRegions = (
				en,
				Base,
			);
			mainGroup = 9556CAB324CABEAA005A9E61;
			productRefGroup = 9556CABD24CABEAA005A9E61 /* Products */;
			projectDirPath = "";
			projectRoot = "";
			targets = (
				9556CABB24CABEAA005A9E61 /* CA Rocks */,
				9556CAD124CABEB8005A9E61 /* CA RocksTests */,
				9556CADC24CABEB8005A9E61 /* CA RocksUITests */,
			);
		};
/* End PBXProject section */

/* Begin PBXResourcesBuildPhase section */
		9556CABA24CABEAA005A9E61 /* Resources */ = {
			isa = PBXResourcesBuildPhase;
			buildActionMask = 2147483647;
			files = (
				9556CACC24CABEB8005A9E61 /* LaunchScreen.storyboard in Resources */,
				9556CAC924CABEB8005A9E61 /* Assets.xcassets in Resources */,
				9556CAC724CABEAA005A9E61 /* Main.storyboard in Resources */,
			);
			runOnlyForDeploymentPostprocessing = 0;
		};
		9556CAD024CABEB8005A9E61 /* Resources */ = {
			isa = PBXResourcesBuildPhase;
			buildActionMask = 2147483647;
			files = (
			);
			runOnlyForDeploymentPostprocessing = 0;
		};
		9556CADB24CABEB8005A9E61 /* Resources */ = {
			isa = PBXResourcesBuildPhase;
			buildActionMask = 2147483647;
			files = (
			);
			runOnlyForDeploymentPostprocessing = 0;
		};
/* End PBXResourcesBuildPhase section */

/* Begin PBXSourcesBuildPhase section */
		9556CAB824CABEAA005A9E61 /* Sources */ = {
			isa = PBXSourcesBuildPhase;
			buildActionMask = 2147483647;
			files = (
				95B7F94C24FC53F7008DE76B /* NSAttributedStringExtension.swift in Sources */,
				9556CAC424CABEAA005A9E61 /* ViewController.swift in Sources */,
				9556CAC024CABEAA005A9E61 /* AppDelegate.swift in Sources */,
				9556CAC224CABEAA005A9E61 /* SceneDelegate.swift in Sources */,
				95DB79DD24DA240A00759781 /* DetailViewController.swift in Sources */,
			);
			runOnlyForDeploymentPostprocessing = 0;
		};
		9556CACE24CABEB8005A9E61 /* Sources */ = {
			isa = PBXSourcesBuildPhase;
			buildActionMask = 2147483647;
			files = (
				9556CAD724CABEB8005A9E61 /* MapTests.swift in Sources */,
			);
			runOnlyForDeploymentPostprocessing = 0;
		};
		9556CAD924CABEB8005A9E61 /* Sources */ = {
			isa = PBXSourcesBuildPhase;
			buildActionMask = 2147483647;
			files = (
				9556CAE224CABEB8005A9E61 /* MapUITests.swift in Sources */,
			);
			runOnlyForDeploymentPostprocessing = 0;
		};
/* End PBXSourcesBuildPhase section */

/* Begin PBXTargetDependency section */
		9556CAD424CABEB8005A9E61 /* PBXTargetDependency */ = {
			isa = PBXTargetDependency;
			target = 9556CABB24CABEAA005A9E61 /* CA Rocks */;
			targetProxy = 9556CAD324CABEB8005A9E61 /* PBXContainerItemProxy */;
		};
		9556CADF24CABEB8005A9E61 /* PBXTargetDependency */ = {
			isa = PBXTargetDependency;
			target = 9556CABB24CABEAA005A9E61 /* CA Rocks */;
			targetProxy = 9556CADE24CABEB8005A9E61 /* PBXContainerItemProxy */;
		};
/* End PBXTargetDependency section */

/* Begin PBXVariantGroup section */
		9556CAC524CABEAA005A9E61 /* Main.storyboard */ = {
			isa = PBXVariantGroup;
			children = (
				9556CAC624CABEAA005A9E61 /* Base */,
			);
			name = Main.storyboard;
			sourceTree = "<group>";
		};
		9556CACA24CABEB8005A9E61 /* LaunchScreen.storyboard */ = {
			isa = PBXVariantGroup;
			children = (
				9556CACB24CABEB8005A9E61 /* Base */,
			);
			name = LaunchScreen.storyboard;
			sourceTree = "<group>";
		};
/* End PBXVariantGroup section */

/* Begin XCBuildConfiguration section */
		9556CAE424CABEB9005A9E61 /* Debug */ = {
			isa = XCBuildConfiguration;
			buildSettings = {
				ALWAYS_SEARCH_USER_PATHS = NO;
				CLANG_ANALYZER_NONNULL = YES;
				CLANG_ANALYZER_NUMBER_OBJECT_CONVERSION = YES_AGGRESSIVE;
				CLANG_CXX_LANGUAGE_STANDARD = "gnu++14";
				CLANG_CXX_LIBRARY = "libc++";
				CLANG_ENABLE_MODULES = YES;
				CLANG_ENABLE_OBJC_ARC = YES;
				CLANG_ENABLE_OBJC_WEAK = YES;
				CLANG_WARN_BLOCK_CAPTURE_AUTORELEASING = YES;
				CLANG_WARN_BOOL_CONVERSION = YES;
				CLANG_WARN_COMMA = YES;
				CLANG_WARN_CONSTANT_CONVERSION = YES;
				CLANG_WARN_DEPRECATED_OBJC_IMPLEMENTATIONS = YES;
				CLANG_WARN_DIRECT_OBJC_ISA_USAGE = YES_ERROR;
				CLANG_WARN_DOCUMENTATION_COMMENTS = YES;
				CLANG_WARN_EMPTY_BODY = YES;
				CLANG_WARN_ENUM_CONVERSION = YES;
				CLANG_WARN_INFINITE_RECURSION = YES;
				CLANG_WARN_INT_CONVERSION = YES;
				CLANG_WARN_NON_LITERAL_NULL_CONVERSION = YES;
				CLANG_WARN_OBJC_IMPLICIT_RETAIN_SELF = YES;
				CLANG_WARN_OBJC_LITERAL_CONVERSION = YES;
				CLANG_WARN_OBJC_ROOT_CLASS = YES_ERROR;
				CLANG_WARN_QUOTED_INCLUDE_IN_FRAMEWORK_HEADER = YES;
				CLANG_WARN_RANGE_LOOP_ANALYSIS = YES;
				CLANG_WARN_STRICT_PROTOTYPES = YES;
				CLANG_WARN_SUSPICIOUS_MOVE = YES;
				CLANG_WARN_UNGUARDED_AVAILABILITY = YES_AGGRESSIVE;
				CLANG_WARN_UNREACHABLE_CODE = YES;
				CLANG_WARN__DUPLICATE_METHOD_MATCH = YES;
				COPY_PHASE_STRIP = NO;
				DEBUG_INFORMATION_FORMAT = dwarf;
				ENABLE_STRICT_OBJC_MSGSEND = YES;
				ENABLE_TESTABILITY = YES;
				GCC_C_LANGUAGE_STANDARD = gnu11;
				GCC_DYNAMIC_NO_PIC = NO;
				GCC_NO_COMMON_BLOCKS = YES;
				GCC_OPTIMIZATION_LEVEL = 0;
				GCC_PREPROCESSOR_DEFINITIONS = (
					"DEBUG=1",
					"$(inherited)",
				);
				GCC_WARN_64_TO_32_BIT_CONVERSION = YES;
				GCC_WARN_ABOUT_RETURN_TYPE = YES_ERROR;
				GCC_WARN_UNDECLARED_SELECTOR = YES;
				GCC_WARN_UNINITIALIZED_AUTOS = YES_AGGRESSIVE;
				GCC_WARN_UNUSED_FUNCTION = YES;
				GCC_WARN_UNUSED_VARIABLE = YES;
				IPHONEOS_DEPLOYMENT_TARGET = 13.6;
				MTL_ENABLE_DEBUG_INFO = INCLUDE_SOURCE;
				MTL_FAST_MATH = YES;
				ONLY_ACTIVE_ARCH = YES;
				SDKROOT = iphoneos;
				SWIFT_ACTIVE_COMPILATION_CONDITIONS = DEBUG;
				SWIFT_OPTIMIZATION_LEVEL = "-Onone";
			};
			name = Debug;
		};
		9556CAE524CABEB9005A9E61 /* Release */ = {
			isa = XCBuildConfiguration;
			buildSettings = {
				ALWAYS_SEARCH_USER_PATHS = NO;
				CLANG_ANALYZER_NONNULL = YES;
				CLANG_ANALYZER_NUMBER_OBJECT_CONVERSION = YES_AGGRESSIVE;
				CLANG_CXX_LANGUAGE_STANDARD = "gnu++14";
				CLANG_CXX_LIBRARY = "libc++";
				CLANG_ENABLE_MODULES = YES;
				CLANG_ENABLE_OBJC_ARC = YES;
				CLANG_ENABLE_OBJC_WEAK = YES;
				CLANG_WARN_BLOCK_CAPTURE_AUTORELEASING = YES;
				CLANG_WARN_BOOL_CONVERSION = YES;
				CLANG_WARN_COMMA = YES;
				CLANG_WARN_CONSTANT_CONVERSION = YES;
				CLANG_WARN_DEPRECATED_OBJC_IMPLEMENTATIONS = YES;
				CLANG_WARN_DIRECT_OBJC_ISA_USAGE = YES_ERROR;
				CLANG_WARN_DOCUMENTATION_COMMENTS = YES;
				CLANG_WARN_EMPTY_BODY = YES;
				CLANG_WARN_ENUM_CONVERSION = YES;
				CLANG_WARN_INFINITE_RECURSION = YES;
				CLANG_WARN_INT_CONVERSION = YES;
				CLANG_WARN_NON_LITERAL_NULL_CONVERSION = YES;
				CLANG_WARN_OBJC_IMPLICIT_RETAIN_SELF = YES;
				CLANG_WARN_OBJC_LITERAL_CONVERSION = YES;
				CLANG_WARN_OBJC_ROOT_CLASS = YES_ERROR;
				CLANG_WARN_QUOTED_INCLUDE_IN_FRAMEWORK_HEADER = YES;
				CLANG_WARN_RANGE_LOOP_ANALYSIS = YES;
				CLANG_WARN_STRICT_PROTOTYPES = YES;
				CLANG_WARN_SUSPICIOUS_MOVE = YES;
				CLANG_WARN_UNGUARDED_AVAILABILITY = YES_AGGRESSIVE;
				CLANG_WARN_UNREACHABLE_CODE = YES;
				CLANG_WARN__DUPLICATE_METHOD_MATCH = YES;
				COPY_PHASE_STRIP = NO;
				DEBUG_INFORMATION_FORMAT = "dwarf-with-dsym";
				ENABLE_NS_ASSERTIONS = NO;
				ENABLE_STRICT_OBJC_MSGSEND = YES;
				GCC_C_LANGUAGE_STANDARD = gnu11;
				GCC_NO_COMMON_BLOCKS = YES;
				GCC_WARN_64_TO_32_BIT_CONVERSION = YES;
				GCC_WARN_ABOUT_RETURN_TYPE = YES_ERROR;
				GCC_WARN_UNDECLARED_SELECTOR = YES;
				GCC_WARN_UNINITIALIZED_AUTOS = YES_AGGRESSIVE;
				GCC_WARN_UNUSED_FUNCTION = YES;
				GCC_WARN_UNUSED_VARIABLE = YES;
				IPHONEOS_DEPLOYMENT_TARGET = 13.6;
				MTL_ENABLE_DEBUG_INFO = NO;
				MTL_FAST_MATH = YES;
				SDKROOT = iphoneos;
				SWIFT_COMPILATION_MODE = wholemodule;
				SWIFT_OPTIMIZATION_LEVEL = "-O";
				VALIDATE_PRODUCT = YES;
			};
			name = Release;
		};
		9556CAE724CABEB9005A9E61 /* Debug */ = {
			isa = XCBuildConfiguration;
			buildSettings = {
				ASSETCATALOG_COMPILER_APPICON_NAME = AppIcon;
				CODE_SIGN_STYLE = Automatic;
				DEVELOPMENT_TEAM = S4V766GHDF;
				INFOPLIST_FILE = Map/Info.plist;
				LD_RUNPATH_SEARCH_PATHS = (
					"$(inherited)",
					"@executable_path/Frameworks",
				);
				PRODUCT_BUNDLE_IDENTIFIER = com.firstmapthing.Map;
				PRODUCT_NAME = "$(TARGET_NAME)";
				SWIFT_VERSION = 5.0;
				TARGETED_DEVICE_FAMILY = "1,2";
			};
			name = Debug;
		};
		9556CAE824CABEB9005A9E61 /* Release */ = {
			isa = XCBuildConfiguration;
			buildSettings = {
				ASSETCATALOG_COMPILER_APPICON_NAME = AppIcon;
				CODE_SIGN_STYLE = Automatic;
				DEVELOPMENT_TEAM = S4V766GHDF;
				INFOPLIST_FILE = Map/Info.plist;
				LD_RUNPATH_SEARCH_PATHS = (
					"$(inherited)",
					"@executable_path/Frameworks",
				);
				PRODUCT_BUNDLE_IDENTIFIER = com.firstmapthing.Map;
				PRODUCT_NAME = "$(TARGET_NAME)";
				SWIFT_VERSION = 5.0;
				TARGETED_DEVICE_FAMILY = "1,2";
			};
			name = Release;
		};
		9556CAEA24CABEB9005A9E61 /* Debug */ = {
			isa = XCBuildConfiguration;
			buildSettings = {
				ALWAYS_EMBED_SWIFT_STANDARD_LIBRARIES = YES;
				BUNDLE_LOADER = "$(TEST_HOST)";
				CODE_SIGN_STYLE = Automatic;
				INFOPLIST_FILE = MapTests/Info.plist;
				IPHONEOS_DEPLOYMENT_TARGET = 13.6;
				LD_RUNPATH_SEARCH_PATHS = (
					"$(inherited)",
					"@executable_path/Frameworks",
					"@loader_path/Frameworks",
				);
				PRODUCT_BUNDLE_IDENTIFIER = a.MapTests;
				PRODUCT_NAME = "$(TARGET_NAME)";
				SWIFT_VERSION = 5.0;
				TARGETED_DEVICE_FAMILY = "1,2";
				TEST_HOST = "$(BUILT_PRODUCTS_DIR)/CA Rocks.app/CA Rocks";
			};
			name = Debug;
		};
		9556CAEB24CABEB9005A9E61 /* Release */ = {
			isa = XCBuildConfiguration;
			buildSettings = {
				ALWAYS_EMBED_SWIFT_STANDARD_LIBRARIES = YES;
				BUNDLE_LOADER = "$(TEST_HOST)";
				CODE_SIGN_STYLE = Automatic;
				INFOPLIST_FILE = MapTests/Info.plist;
				IPHONEOS_DEPLOYMENT_TARGET = 13.6;
				LD_RUNPATH_SEARCH_PATHS = (
					"$(inherited)",
					"@executable_path/Frameworks",
					"@loader_path/Frameworks",
				);
				PRODUCT_BUNDLE_IDENTIFIER = a.MapTests;
				PRODUCT_NAME = "$(TARGET_NAME)";
				SWIFT_VERSION = 5.0;
				TARGETED_DEVICE_FAMILY = "1,2";
				TEST_HOST = "$(BUILT_PRODUCTS_DIR)/CA Rocks.app/CA Rocks";
			};
			name = Release;
		};
		9556CAED24CABEB9005A9E61 /* Debug */ = {
			isa = XCBuildConfiguration;
			buildSettings = {
				ALWAYS_EMBED_SWIFT_STANDARD_LIBRARIES = YES;
				CODE_SIGN_STYLE = Automatic;
				INFOPLIST_FILE = MapUITests/Info.plist;
				LD_RUNPATH_SEARCH_PATHS = (
					"$(inherited)",
					"@executable_path/Frameworks",
					"@loader_path/Frameworks",
				);
				PRODUCT_BUNDLE_IDENTIFIER = a.MapUITests;
				PRODUCT_NAME = "$(TARGET_NAME)";
				SWIFT_VERSION = 5.0;
				TARGETED_DEVICE_FAMILY = "1,2";
				TEST_TARGET_NAME = Map;
			};
			name = Debug;
		};
		9556CAEE24CABEB9005A9E61 /* Release */ = {
			isa = XCBuildConfiguration;
			buildSettings = {
				ALWAYS_EMBED_SWIFT_STANDARD_LIBRARIES = YES;
				CODE_SIGN_STYLE = Automatic;
				INFOPLIST_FILE = MapUITests/Info.plist;
				LD_RUNPATH_SEARCH_PATHS = (
					"$(inherited)",
					"@executable_path/Frameworks",
					"@loader_path/Frameworks",
				);
				PRODUCT_BUNDLE_IDENTIFIER = a.MapUITests;
				PRODUCT_NAME = "$(TARGET_NAME)";
				SWIFT_VERSION = 5.0;
				TARGETED_DEVICE_FAMILY = "1,2";
				TEST_TARGET_NAME = Map;
			};
			name = Release;
		};
/* End XCBuildConfiguration section */

/* Begin XCConfigurationList section */
		9556CAB724CABEAA005A9E61 /* Build configuration list for PBXProject "CA Rocks" */ = {
			isa = XCConfigurationList;
			buildConfigurations = (
				9556CAE424CABEB9005A9E61 /* Debug */,
				9556CAE524CABEB9005A9E61 /* Release */,
			);
			defaultConfigurationIsVisible = 0;
			defaultConfigurationName = Release;
		};
		9556CAE624CABEB9005A9E61 /* Build configuration list for PBXNativeTarget "CA Rocks" */ = {
			isa = XCConfigurationList;
			buildConfigurations = (
				9556CAE724CABEB9005A9E61 /* Debug */,
				9556CAE824CABEB9005A9E61 /* Release */,
			);
			defaultConfigurationIsVisible = 0;
			defaultConfigurationName = Release;
		};
		9556CAE924CABEB9005A9E61 /* Build configuration list for PBXNativeTarget "CA RocksTests" */ = {
			isa = XCConfigurationList;
			buildConfigurations = (
				9556CAEA24CABEB9005A9E61 /* Debug */,
				9556CAEB24CABEB9005A9E61 /* Release */,
			);
			defaultConfigurationIsVisible = 0;
			defaultConfigurationName = Release;
		};
		9556CAEC24CABEB9005A9E61 /* Build configuration list for PBXNativeTarget "CA RocksUITests" */ = {
			isa = XCConfigurationList;
			buildConfigurations = (
				9556CAED24CABEB9005A9E61 /* Debug */,
				9556CAEE24CABEB9005A9E61 /* Release */,
			);
			defaultConfigurationIsVisible = 0;
			defaultConfigurationName = Release;
		};
/* End XCConfigurationList section */
	};
	rootObject = 9556CAB424CABEAA005A9E61 /* Project object */;
}
